// !$*UTF8*$!
{
	archiveVersion = 1;
	classes = {
	};
	objectVersion = 77;
	objects = {

/* Begin PBXContainerItemProxy section */
		C44F3B972DC9EA47005AA38D /* PBXContainerItemProxy */ = {
			isa = PBXContainerItemProxy;
			containerPortal = C44F3B7E2DC9EA44005AA38D /* Project object */;
			proxyType = 1;
			remoteGlobalIDString = C44F3B852DC9EA44005AA38D;
			remoteInfo = kinjalK_task_manager_app;
		};
		C44F3BA12DC9EA47005AA38D /* PBXContainerItemProxy */ = {
			isa = PBXContainerItemProxy;
			containerPortal = C44F3B7E2DC9EA44005AA38D /* Project object */;
			proxyType = 1;
			remoteGlobalIDString = C44F3B852DC9EA44005AA38D;
			remoteInfo = kinjalK_task_manager_app;
		};
/* End PBXContainerItemProxy section */

/* Begin PBXFileReference section */
		C44F3B862DC9EA44005AA38D /* kinjalK_task_manager_app.app */ = {isa = PBXFileReference; explicitFileType = wrapper.application; includeInIndex = 0; path = kinjalK_task_manager_app.app; sourceTree = BUILT_PRODUCTS_DIR; };
		C44F3B962DC9EA47005AA38D /* kinjalK_task_manager_appTests.xctest */ = {isa = PBXFileReference; explicitFileType = wrapper.cfbundle; includeInIndex = 0; path = kinjalK_task_manager_appTests.xctest; sourceTree = BUILT_PRODUCTS_DIR; };
		C44F3BA02DC9EA47005AA38D /* kinjalK_task_manager_appUITests.xctest */ = {isa = PBXFileReference; explicitFileType = wrapper.cfbundle; includeInIndex = 0; path = kinjalK_task_manager_appUITests.xctest; sourceTree = BUILT_PRODUCTS_DIR; };
/* End PBXFileReference section */

/* Begin PBXFileSystemSynchronizedRootGroup section */
		C44F3B882DC9EA44005AA38D /* kinjalK_task_manager_app */ = {
			isa = PBXFileSystemSynchronizedRootGroup;
			path = kinjalK_task_manager_app;
			sourceTree = "<group>";
		};
		C44F3B992DC9EA47005AA38D /* kinjalK_task_manager_appTests */ = {
			isa = PBXFileSystemSynchronizedRootGroup;
			path = kinjalK_task_manager_appTests;
			sourceTree = "<group>";
		};
		C44F3BA32DC9EA47005AA38D /* kinjalK_task_manager_appUITests */ = {
			isa = PBXFileSystemSynchronizedRootGroup;
			path = kinjalK_task_manager_appUITests;
			sourceTree = "<group>";
		};
/* End PBXFileSystemSynchronizedRootGroup section */

/* Begin PBXFrameworksBuildPhase section */
		C44F3B832DC9EA44005AA38D /* Frameworks */ = {
			isa = PBXFrameworksBuildPhase;
			buildActionMask = 2147483647;
			files = (
			);
			runOnlyForDeploymentPostprocessing = 0;
		};
		C44F3B932DC9EA47005AA38D /* Frameworks */ = {
			isa = PBXFrameworksBuildPhase;
			buildActionMask = 2147483647;
			files = (
			);
			runOnlyForDeploymentPostprocessing = 0;
		};
		C44F3B9D2DC9EA47005AA38D /* Frameworks */ = {
			isa = PBXFrameworksBuildPhase;
			buildActionMask = 2147483647;
			files = (
			);
			runOnlyForDeploymentPostprocessing = 0;
		};
/* End PBXFrameworksBuildPhase section */

/* Begin PBXGroup section */
		C44F3B7D2DC9EA44005AA38D = {
			isa = PBXGroup;
			children = (
				C44F3B882DC9EA44005AA38D /* kinjalK_task_manager_app */,
				C44F3B992DC9EA47005AA38D /* kinjalK_task_manager_appTests */,
				C44F3BA32DC9EA47005AA38D /* kinjalK_task_manager_appUITests */,
				C44F3B872DC9EA44005AA38D /* Products */,
			);
			sourceTree = "<group>";
		};
		C44F3B872DC9EA44005AA38D /* Products */ = {
			isa = PBXGroup;
			children = (
				C44F3B862DC9EA44005AA38D /* kinjalK_task_manager_app.app */,
				C44F3B962DC9EA47005AA38D /* kinjalK_task_manager_appTests.xctest */,
				C44F3BA02DC9EA47005AA38D /* kinjalK_task_manager_appUITests.xctest */,
			);
			name = Products;
			sourceTree = "<group>";
		};
/* End PBXGroup section */

/* Begin PBXNativeTarget section */
		C44F3B852DC9EA44005AA38D /* kinjalK_task_manager_app */ = {
			isa = PBXNativeTarget;
			buildConfigurationList = C44F3BAA2DC9EA47005AA38D /* Build configuration list for PBXNativeTarget "kinjalK_task_manager_app" */;
			buildPhases = (
				C44F3B822DC9EA44005AA38D /* Sources */,
				C44F3B832DC9EA44005AA38D /* Frameworks */,
				C44F3B842DC9EA44005AA38D /* Resources */,
			);
			buildRules = (
			);
			dependencies = (
			);
			fileSystemSynchronizedGroups = (
				C44F3B882DC9EA44005AA38D /* kinjalK_task_manager_app */,
			);
			name = kinjalK_task_manager_app;
			packageProductDependencies = (
			);
			productName = kinjalK_task_manager_app;
			productReference = C44F3B862DC9EA44005AA38D /* kinjalK_task_manager_app.app */;
			productType = "com.apple.product-type.application";
		};
		C44F3B952DC9EA47005AA38D /* kinjalK_task_manager_appTests */ = {
			isa = PBXNativeTarget;
			buildConfigurationList = C44F3BAD2DC9EA47005AA38D /* Build configuration list for PBXNativeTarget "kinjalK_task_manager_appTests" */;
			buildPhases = (
				C44F3B922DC9EA47005AA38D /* Sources */,
				C44F3B932DC9EA47005AA38D /* Frameworks */,
				C44F3B942DC9EA47005AA38D /* Resources */,
			);
			buildRules = (
			);
			dependencies = (
				C44F3B982DC9EA47005AA38D /* PBXTargetDependency */,
			);
			fileSystemSynchronizedGroups = (
				C44F3B992DC9EA47005AA38D /* kinjalK_task_manager_appTests */,
			);
			name = kinjalK_task_manager_appTests;
			packageProductDependencies = (
			);
			productName = kinjalK_task_manager_appTests;
			productReference = C44F3B962DC9EA47005AA38D /* kinjalK_task_manager_appTests.xctest */;
			productType = "com.apple.product-type.bundle.unit-test";
		};
		C44F3B9F2DC9EA47005AA38D /* kinjalK_task_manager_appUITests */ = {
			isa = PBXNativeTarget;
			buildConfigurationList = C44F3BB02DC9EA47005AA38D /* Build configuration list for PBXNativeTarget "kinjalK_task_manager_appUITests" */;
			buildPhases = (
				C44F3B9C2DC9EA47005AA38D /* Sources */,
				C44F3B9D2DC9EA47005AA38D /* Frameworks */,
				C44F3B9E2DC9EA47005AA38D /* Resources */,
			);
			buildRules = (
			);
			dependencies = (
				C44F3BA22DC9EA47005AA38D /* PBXTargetDependency */,
			);
			fileSystemSynchronizedGroups = (
				C44F3BA32DC9EA47005AA38D /* kinjalK_task_manager_appUITests */,
			);
			name = kinjalK_task_manager_appUITests;
			packageProductDependencies = (
			);
			productName = kinjalK_task_manager_appUITests;
			productReference = C44F3BA02DC9EA47005AA38D /* kinjalK_task_manager_appUITests.xctest */;
			productType = "com.apple.product-type.bundle.ui-testing";
		};
/* End PBXNativeTarget section */

/* Begin PBXProject section */
		C44F3B7E2DC9EA44005AA38D /* Project object */ = {
			isa = PBXProject;
			attributes = {
				BuildIndependentTargetsInParallel = 1;
				LastSwiftUpdateCheck = 1620;
				LastUpgradeCheck = 1620;
				TargetAttributes = {
					C44F3B852DC9EA44005AA38D = {
						CreatedOnToolsVersion = 16.2;
					};
					C44F3B952DC9EA47005AA38D = {
						CreatedOnToolsVersion = 16.2;
						TestTargetID = C44F3B852DC9EA44005AA38D;
					};
					C44F3B9F2DC9EA47005AA38D = {
						CreatedOnToolsVersion = 16.2;
						TestTargetID = C44F3B852DC9EA44005AA38D;
					};
				};
			};
			buildConfigurationList = C44F3B812DC9EA44005AA38D /* Build configuration list for PBXProject "kinjalK_task_manager_app" */;
			developmentRegion = en;
			hasScannedForEncodings = 0;
			knownRegions = (
				en,
				Base,
			);
			mainGroup = C44F3B7D2DC9EA44005AA38D;
			minimizedProjectReferenceProxies = 1;
			preferredProjectObjectVersion = 77;
			productRefGroup = C44F3B872DC9EA44005AA38D /* Products */;
			projectDirPath = "";
			projectRoot = "";
			targets = (
				C44F3B852DC9EA44005AA38D /* kinjalK_task_manager_app */,
				C44F3B952DC9EA47005AA38D /* kinjalK_task_manager_appTests */,
				C44F3B9F2DC9EA47005AA38D /* kinjalK_task_manager_appUITests */,
			);
		};
/* End PBXProject section */

/* Begin PBXResourcesBuildPhase section */
		C44F3B842DC9EA44005AA38D /* Resources */ = {
			isa = PBXResourcesBuildPhase;
			buildActionMask = 2147483647;
			files = (
			);
			runOnlyForDeploymentPostprocessing = 0;
		};
		C44F3B942DC9EA47005AA38D /* Resources */ = {
			isa = PBXResourcesBuildPhase;
			buildActionMask = 2147483647;
			files = (
			);
			runOnlyForDeploymentPostprocessing = 0;
		};
		C44F3B9E2DC9EA47005AA38D /* Resources */ = {
			isa = PBXResourcesBuildPhase;
			buildActionMask = 2147483647;
			files = (
			);
			runOnlyForDeploymentPostprocessing = 0;
		};
/* End PBXResourcesBuildPhase section */

/* Begin PBXSourcesBuildPhase section */
		C44F3B822DC9EA44005AA38D /* Sources */ = {
			isa = PBXSourcesBuildPhase;
			buildActionMask = 2147483647;
			files = (
			);
			runOnlyForDeploymentPostprocessing = 0;
		};
		C44F3B922DC9EA47005AA38D /* Sources */ = {
			isa = PBXSourcesBuildPhase;
			buildActionMask = 2147483647;
			files = (
			);
			runOnlyForDeploymentPostprocessing = 0;
		};
		C44F3B9C2DC9EA47005AA38D /* Sources */ = {
			isa = PBXSourcesBuildPhase;
			buildActionMask = 2147483647;
			files = (
			);
			runOnlyForDeploymentPostprocessing = 0;
		};
/* End PBXSourcesBuildPhase section */

/* Begin PBXTargetDependency section */
		C44F3B982DC9EA47005AA38D /* PBXTargetDependency */ = {
			isa = PBXTargetDependency;
			target = C44F3B852DC9EA44005AA38D /* kinjalK_task_manager_app */;
			targetProxy = C44F3B972DC9EA47005AA38D /* PBXContainerItemProxy */;
		};
		C44F3BA22DC9EA47005AA38D /* PBXTargetDependency */ = {
			isa = PBXTargetDependency;
			target = C44F3B852DC9EA44005AA38D /* kinjalK_task_manager_app */;
			targetProxy = C44F3BA12DC9EA47005AA38D /* PBXContainerItemProxy */;
		};
/* End PBXTargetDependency section */

/* Begin XCBuildConfiguration section */
		C44F3BA82DC9EA47005AA38D /* Debug */ = {
			isa = XCBuildConfiguration;
			buildSettings = {
				ALWAYS_SEARCH_USER_PATHS = NO;
				ASSETCATALOG_COMPILER_GENERATE_SWIFT_ASSET_SYMBOL_EXTENSIONS = YES;
				CLANG_ANALYZER_NONNULL = YES;
				CLANG_ANALYZER_NUMBER_OBJECT_CONVERSION = YES_AGGRESSIVE;
				CLANG_CXX_LANGUAGE_STANDARD = "gnu++20";
				CLANG_ENABLE_MODULES = YES;
				CLANG_ENABLE_OBJC_ARC = YES;
				CLANG_ENABLE_OBJC_WEAK = YES;
				CLANG_WARN_BLOCK_CAPTURE_AUTORELEASING = YES;
				CLANG_WARN_BOOL_CONVERSION = YES;
				CLANG_WARN_COMMA = YES;
				CLANG_WARN_CONSTANT_CONVERSION = YES;
				CLANG_WARN_DEPRECATED_OBJC_IMPLEMENTATIONS = YES;
				CLANG_WARN_DIRECT_OBJC_ISA_USAGE = YES_ERROR;
				CLANG_WARN_DOCUMENTATION_COMMENTS = YES;
				CLANG_WARN_EMPTY_BODY = YES;
				CLANG_WARN_ENUM_CONVERSION = YES;
				CLANG_WARN_INFINITE_RECURSION = YES;
				CLANG_WARN_INT_CONVERSION = YES;
				CLANG_WARN_NON_LITERAL_NULL_CONVERSION = YES;
				CLANG_WARN_OBJC_IMPLICIT_RETAIN_SELF = YES;
				CLANG_WARN_OBJC_LITERAL_CONVERSION = YES;
				CLANG_WARN_OBJC_ROOT_CLASS = YES_ERROR;
				CLANG_WARN_QUOTED_INCLUDE_IN_FRAMEWORK_HEADER = YES;
				CLANG_WARN_RANGE_LOOP_ANALYSIS = YES;
				CLANG_WARN_STRICT_PROTOTYPES = YES;
				CLANG_WARN_SUSPICIOUS_MOVE = YES;
				CLANG_WARN_UNGUARDED_AVAILABILITY = YES_AGGRESSIVE;
				CLANG_WARN_UNREACHABLE_CODE = YES;
				CLANG_WARN__DUPLICATE_METHOD_MATCH = YES;
				COPY_PHASE_STRIP = NO;
				DEBUG_INFORMATION_FORMAT = dwarf;
				ENABLE_STRICT_OBJC_MSGSEND = YES;
				ENABLE_TESTABILITY = YES;
				ENABLE_USER_SCRIPT_SANDBOXING = YES;
				GCC_C_LANGUAGE_STANDARD = gnu17;
				GCC_DYNAMIC_NO_PIC = NO;
				GCC_NO_COMMON_BLOCKS = YES;
				GCC_OPTIMIZATION_LEVEL = 0;
				GCC_PREPROCESSOR_DEFINITIONS = (
					"DEBUG=1",
					"$(inherited)",
				);
				GCC_WARN_64_TO_32_BIT_CONVERSION = YES;
				GCC_WARN_ABOUT_RETURN_TYPE = YES_ERROR;
				GCC_WARN_UNDECLARED_SELECTOR = YES;
				GCC_WARN_UNINITIALIZED_AUTOS = YES_AGGRESSIVE;
				GCC_WARN_UNUSED_FUNCTION = YES;
				GCC_WARN_UNUSED_VARIABLE = YES;
				IPHONEOS_DEPLOYMENT_TARGET = 18.2;
				LOCALIZATION_PREFERS_STRING_CATALOGS = YES;
				MTL_ENABLE_DEBUG_INFO = INCLUDE_SOURCE;
				MTL_FAST_MATH = YES;
				ONLY_ACTIVE_ARCH = YES;
				SDKROOT = iphoneos;
				SWIFT_ACTIVE_COMPILATION_CONDITIONS = "DEBUG $(inherited)";
				SWIFT_OPTIMIZATION_LEVEL = "-Onone";
			};
			name = Debug;
		};
		C44F3BA92DC9EA47005AA38D /* Release */ = {
			isa = XCBuildConfiguration;
			buildSettings = {
				ALWAYS_SEARCH_USER_PATHS = NO;
				ASSETCATALOG_COMPILER_GENERATE_SWIFT_ASSET_SYMBOL_EXTENSIONS = YES;
				CLANG_ANALYZER_NONNULL = YES;
				CLANG_ANALYZER_NUMBER_OBJECT_CONVERSION = YES_AGGRESSIVE;
				CLANG_CXX_LANGUAGE_STANDARD = "gnu++20";
				CLANG_ENABLE_MODULES = YES;
				CLANG_ENABLE_OBJC_ARC = YES;
				CLANG_ENABLE_OBJC_WEAK = YES;
				CLANG_WARN_BLOCK_CAPTURE_AUTORELEASING = YES;
				CLANG_WARN_BOOL_CONVERSION = YES;
				CLANG_WARN_COMMA = YES;
				CLANG_WARN_CONSTANT_CONVERSION = YES;
				CLANG_WARN_DEPRECATED_OBJC_IMPLEMENTATIONS = YES;
				CLANG_WARN_DIRECT_OBJC_ISA_USAGE = YES_ERROR;
				CLANG_WARN_DOCUMENTATION_COMMENTS = YES;
				CLANG_WARN_EMPTY_BODY = YES;
				CLANG_WARN_ENUM_CONVERSION = YES;
				CLANG_WARN_INFINITE_RECURSION = YES;
				CLANG_WARN_INT_CONVERSION = YES;
				CLANG_WARN_NON_LITERAL_NULL_CONVERSION = YES;
				CLANG_WARN_OBJC_IMPLICIT_RETAIN_SELF = YES;
				CLANG_WARN_OBJC_LITERAL_CONVERSION = YES;
				CLANG_WARN_OBJC_ROOT_CLASS = YES_ERROR;
				CLANG_WARN_QUOTED_INCLUDE_IN_FRAMEWORK_HEADER = YES;
				CLANG_WARN_RANGE_LOOP_ANALYSIS = YES;
				CLANG_WARN_STRICT_PROTOTYPES = YES;
				CLANG_WARN_SUSPICIOUS_MOVE = YES;
				CLANG_WARN_UNGUARDED_AVAILABILITY = YES_AGGRESSIVE;
				CLANG_WARN_UNREACHABLE_CODE = YES;
				CLANG_WARN__DUPLICATE_METHOD_MATCH = YES;
				COPY_PHASE_STRIP = NO;
				DEBUG_INFORMATION_FORMAT = "dwarf-with-dsym";
				ENABLE_NS_ASSERTIONS = NO;
				ENABLE_STRICT_OBJC_MSGSEND = YES;
				ENABLE_USER_SCRIPT_SANDBOXING = YES;
				GCC_C_LANGUAGE_STANDARD = gnu17;
				GCC_NO_COMMON_BLOCKS = YES;
				GCC_WARN_64_TO_32_BIT_CONVERSION = YES;
				GCC_WARN_ABOUT_RETURN_TYPE = YES_ERROR;
				GCC_WARN_UNDECLARED_SELECTOR = YES;
				GCC_WARN_UNINITIALIZED_AUTOS = YES_AGGRESSIVE;
				GCC_WARN_UNUSED_FUNCTION = YES;
				GCC_WARN_UNUSED_VARIABLE = YES;
				IPHONEOS_DEPLOYMENT_TARGET = 18.2;
				LOCALIZATION_PREFERS_STRING_CATALOGS = YES;
				MTL_ENABLE_DEBUG_INFO = NO;
				MTL_FAST_MATH = YES;
				SDKROOT = iphoneos;
				SWIFT_COMPILATION_MODE = wholemodule;
				VALIDATE_PRODUCT = YES;
			};
			name = Release;
		};
		C44F3BAB2DC9EA47005AA38D /* Debug */ = {
			isa = XCBuildConfiguration;
			buildSettings = {
				ASSETCATALOG_COMPILER_APPICON_NAME = AppIcon;
				ASSETCATALOG_COMPILER_GLOBAL_ACCENT_COLOR_NAME = AccentColor;
				CODE_SIGN_STYLE = Automatic;
				CURRENT_PROJECT_VERSION = 1;
				DEVELOPMENT_ASSET_PATHS = "\"kinjalK_task_manager_app/Preview Content\"";
				ENABLE_PREVIEWS = YES;
				GENERATE_INFOPLIST_FILE = YES;
				INFOPLIST_KEY_UIApplicationSceneManifest_Generation = YES;
				INFOPLIST_KEY_UIApplicationSupportsIndirectInputEvents = YES;
				INFOPLIST_KEY_UILaunchScreen_Generation = YES;
				INFOPLIST_KEY_UISupportedInterfaceOrientations_iPad = "UIInterfaceOrientationPortrait UIInterfaceOrientationPortraitUpsideDown UIInterfaceOrientationLandscapeLeft UIInterfaceOrientationLandscapeRight";
				INFOPLIST_KEY_UISupportedInterfaceOrientations_iPhone = "UIInterfaceOrientationPortrait UIInterfaceOrientationLandscapeLeft UIInterfaceOrientationLandscapeRight";
				LD_RUNPATH_SEARCH_PATHS = (
					"$(inherited)",
					"@executable_path/Frameworks",
				);
				MARKETING_VERSION = 1.0;
				PRODUCT_BUNDLE_IDENTIFIER = "kkathir1.kinjalK-task-manager-app";
				PRODUCT_NAME = "$(TARGET_NAME)";
				SWIFT_EMIT_LOC_STRINGS = YES;
				SWIFT_VERSION = 5.0;
				TARGETED_DEVICE_FAMILY = "1,2";
			};
			name = Debug;
		};
		C44F3BAC2DC9EA47005AA38D /* Release */ = {
			isa = XCBuildConfiguration;
			buildSettings = {
				ASSETCATALOG_COMPILER_APPICON_NAME = AppIcon;
				ASSETCATALOG_COMPILER_GLOBAL_ACCENT_COLOR_NAME = AccentColor;
				CODE_SIGN_STYLE = Automatic;
				CURRENT_PROJECT_VERSION = 1;
				DEVELOPMENT_ASSET_PATHS = "\"kinjalK_task_manager_app/Preview Content\"";
				ENABLE_PREVIEWS = YES;
				GENERATE_INFOPLIST_FILE = YES;
				INFOPLIST_KEY_UIApplicationSceneManifest_Generation = YES;
				INFOPLIST_KEY_UIApplicationSupportsIndirectInputEvents = YES;
				INFOPLIST_KEY_UILaunchScreen_Generation = YES;
				INFOPLIST_KEY_UISupportedInterfaceOrientations_iPad = "UIInterfaceOrientationPortrait UIInterfaceOrientationPortraitUpsideDown UIInterfaceOrientationLandscapeLeft UIInterfaceOrientationLandscapeRight";
				INFOPLIST_KEY_UISupportedInterfaceOrientations_iPhone = "UIInterfaceOrientationPortrait UIInterfaceOrientationLandscapeLeft UIInterfaceOrientationLandscapeRight";
				LD_RUNPATH_SEARCH_PATHS = (
					"$(inherited)",
					"@executable_path/Frameworks",
				);
				MARKETING_VERSION = 1.0;
				PRODUCT_BUNDLE_IDENTIFIER = "kkathir1.kinjalK-task-manager-app";
				PRODUCT_NAME = "$(TARGET_NAME)";
				SWIFT_EMIT_LOC_STRINGS = YES;
				SWIFT_VERSION = 5.0;
				TARGETED_DEVICE_FAMILY = "1,2";
			};
			name = Release;
		};
		C44F3BAE2DC9EA47005AA38D /* Debug */ = {
			isa = XCBuildConfiguration;
			buildSettings = {
				BUNDLE_LOADER = "$(TEST_HOST)";
				CODE_SIGN_STYLE = Automatic;
				CURRENT_PROJECT_VERSION = 1;
				GENERATE_INFOPLIST_FILE = YES;
				IPHONEOS_DEPLOYMENT_TARGET = 18.2;
				MARKETING_VERSION = 1.0;
				PRODUCT_BUNDLE_IDENTIFIER = "kkathir1.kinjalK-task-manager-appTests";
				PRODUCT_NAME = "$(TARGET_NAME)";
				SWIFT_EMIT_LOC_STRINGS = NO;
				SWIFT_VERSION = 5.0;
				TARGETED_DEVICE_FAMILY = "1,2";
				TEST_HOST = "$(BUILT_PRODUCTS_DIR)/kinjalK_task_manager_app.app/$(BUNDLE_EXECUTABLE_FOLDER_PATH)/kinjalK_task_manager_app";
			};
			name = Debug;
		};
		C44F3BAF2DC9EA47005AA38D /* Release */ = {
			isa = XCBuildConfiguration;
			buildSettings = {
				BUNDLE_LOADER = "$(TEST_HOST)";
				CODE_SIGN_STYLE = Automatic;
				CURRENT_PROJECT_VERSION = 1;
				GENERATE_INFOPLIST_FILE = YES;
				IPHONEOS_DEPLOYMENT_TARGET = 18.2;
				MARKETING_VERSION = 1.0;
				PRODUCT_BUNDLE_IDENTIFIER = "kkathir1.kinjalK-task-manager-appTests";
				PRODUCT_NAME = "$(TARGET_NAME)";
				SWIFT_EMIT_LOC_STRINGS = NO;
				SWIFT_VERSION = 5.0;
				TARGETED_DEVICE_FAMILY = "1,2";
				TEST_HOST = "$(BUILT_PRODUCTS_DIR)/kinjalK_task_manager_app.app/$(BUNDLE_EXECUTABLE_FOLDER_PATH)/kinjalK_task_manager_app";
			};
			name = Release;
		};
		C44F3BB12DC9EA47005AA38D /* Debug */ = {
			isa = XCBuildConfiguration;
			buildSettings = {
				CODE_SIGN_STYLE = Automatic;
				CURRENT_PROJECT_VERSION = 1;
				GENERATE_INFOPLIST_FILE = YES;
				MARKETING_VERSION = 1.0;
				PRODUCT_BUNDLE_IDENTIFIER = "kkathir1.kinjalK-task-manager-appUITests";
				PRODUCT_NAME = "$(TARGET_NAME)";
				SWIFT_EMIT_LOC_STRINGS = NO;
				SWIFT_VERSION = 5.0;
				TARGETED_DEVICE_FAMILY = "1,2";
				TEST_TARGET_NAME = kinjalK_task_manager_app;
			};
			name = Debug;
		};
		C44F3BB22DC9EA47005AA38D /* Release */ = {
			isa = XCBuildConfiguration;
			buildSettings = {
				CODE_SIGN_STYLE = Automatic;
				CURRENT_PROJECT_VERSION = 1;
				GENERATE_INFOPLIST_FILE = YES;
				MARKETING_VERSION = 1.0;
				PRODUCT_BUNDLE_IDENTIFIER = "kkathir1.kinjalK-task-manager-appUITests";
				PRODUCT_NAME = "$(TARGET_NAME)";
				SWIFT_EMIT_LOC_STRINGS = NO;
				SWIFT_VERSION = 5.0;
				TARGETED_DEVICE_FAMILY = "1,2";
				TEST_TARGET_NAME = kinjalK_task_manager_app;
			};
			name = Release;
		};
/* End XCBuildConfiguration section */

/* Begin XCConfigurationList section */
		C44F3B812DC9EA44005AA38D /* Build configuration list for PBXProject "kinjalK_task_manager_app" */ = {
			isa = XCConfigurationList;
			buildConfigurations = (
				C44F3BA82DC9EA47005AA38D /* Debug */,
				C44F3BA92DC9EA47005AA38D /* Release */,
			);
			defaultConfigurationIsVisible = 0;
			defaultConfigurationName = Release;
		};
		C44F3BAA2DC9EA47005AA38D /* Build configuration list for PBXNativeTarget "kinjalK_task_manager_app" */ = {
			isa = XCConfigurationList;
			buildConfigurations = (
				C44F3BAB2DC9EA47005AA38D /* Debug */,
				C44F3BAC2DC9EA47005AA38D /* Release */,
			);
			defaultConfigurationIsVisible = 0;
			defaultConfigurationName = Release;
		};
		C44F3BAD2DC9EA47005AA38D /* Build configuration list for PBXNativeTarget "kinjalK_task_manager_appTests" */ = {
			isa = XCConfigurationList;
			buildConfigurations = (
				C44F3BAE2DC9EA47005AA38D /* Debug */,
				C44F3BAF2DC9EA47005AA38D /* Release */,
			);
			defaultConfigurationIsVisible = 0;
			defaultConfigurationName = Release;
		};
		C44F3BB02DC9EA47005AA38D /* Build configuration list for PBXNativeTarget "kinjalK_task_manager_appUITests" */ = {
			isa = XCConfigurationList;
			buildConfigurations = (
				C44F3BB12DC9EA47005AA38D /* Debug */,
				C44F3BB22DC9EA47005AA38D /* Release */,
			);
			defaultConfigurationIsVisible = 0;
			defaultConfigurationName = Release;
		};
/* End XCConfigurationList section */
	};
	rootObject = C44F3B7E2DC9EA44005AA38D /* Project object */;
}
